
Microsoft Visual Studio Solution File, Format Version 12.00
# Visual Studio Version 16
VisualStudioVersion = 16.0.30320.27
MinimumVisualStudioVersion = 10.0.40219.1
Project("{FAE04EC0-301F-11D3-BF4B-00C04F79EFBC}") = "EX_6B", "EX_6B.csproj", "{00EBC077-411B-4FD3-B6AF-F1382E4240A8}"
EndProject
Global
	GlobalSection(SolutionConfigurationPlatforms) = preSolution
		Debug|Any CPU = Debug|Any CPU
		Release|Any CPU = Release|Any CPU
	EndGlobalSection
	GlobalSection(ProjectConfigurationPlatforms) = postSolution
		{00EBC077-411B-4FD3-B6AF-F1382E4240A8}.Debug|Any CPU.ActiveCfg = Debug|Any CPU
		{00EBC077-411B-4FD3-B6AF-F1382E4240A8}.Debug|Any CPU.Build.0 = Debug|Any CPU
		{00EBC077-411B-4FD3-B6AF-F1382E4240A8}.Release|Any CPU.ActiveCfg = Release|Any CPU
		{00EBC077-411B-4FD3-B6AF-F1382E4240A8}.Release|Any CPU.Build.0 = Release|Any CPU
	EndGlobalSection
	GlobalSection(SolutionProperties) = preSolution
		HideSolutionNode = FALSE
	EndGlobalSection
	GlobalSection(ExtensibilityGlobals) = postSolution
		SolutionGuid = {F4952245-E731-4FB5-9493-7D017E604DDC}
	EndGlobalSection
EndGlobal
