
Microsoft Visual Studio Solution File, Format Version 12.00
# Visual Studio Version 16
VisualStudioVersion = 16.0.30320.27
MinimumVisualStudioVersion = 10.0.40219.1
Project("{FAE04EC0-301F-11D3-BF4B-00C04F79EFBC}") = "SuperAdventure", "SuperAdventure\SuperAdventure.csproj", "{B6DF1A11-65A3-4580-A06E-39EEFA15ABEB}"
EndProject
Project("{FAE04EC0-301F-11D3-BF4B-00C04F79EFBC}") = "Engine", "Engine\Engine.csproj", "{133C98A6-FA71-448E-8EC6-C53C6184D4B4}"
EndProject
Global
	GlobalSection(SolutionConfigurationPlatforms) = preSolution
		Debug|Any CPU = Debug|Any CPU
		Release|Any CPU = Release|Any CPU
	EndGlobalSection
	GlobalSection(ProjectConfigurationPlatforms) = postSolution
		{B6DF1A11-65A3-4580-A06E-39EEFA15ABEB}.Debug|Any CPU.ActiveCfg = Debug|Any CPU
		{B6DF1A11-65A3-4580-A06E-39EEFA15ABEB}.Debug|Any CPU.Build.0 = Debug|Any CPU
		{B6DF1A11-65A3-4580-A06E-39EEFA15ABEB}.Release|Any CPU.ActiveCfg = Release|Any CPU
		{B6DF1A11-65A3-4580-A06E-39EEFA15ABEB}.Release|Any CPU.Build.0 = Release|Any CPU
		{133C98A6-FA71-448E-8EC6-C53C6184D4B4}.Debug|Any CPU.ActiveCfg = Debug|Any CPU
		{133C98A6-FA71-448E-8EC6-C53C6184D4B4}.Debug|Any CPU.Build.0 = Debug|Any CPU
		{133C98A6-FA71-448E-8EC6-C53C6184D4B4}.Release|Any CPU.ActiveCfg = Release|Any CPU
		{133C98A6-FA71-448E-8EC6-C53C6184D4B4}.Release|Any CPU.Build.0 = Release|Any CPU
	EndGlobalSection
	GlobalSection(SolutionProperties) = preSolution
		HideSolutionNode = FALSE
	EndGlobalSection
	GlobalSection(ExtensibilityGlobals) = postSolution
		SolutionGuid = {5BAEAB52-B80D-4757-B35F-FFFDCB71F3A3}
	EndGlobalSection
EndGlobal
