
Microsoft Visual Studio Solution File, Format Version 12.00
# Visual Studio Version 16
VisualStudioVersion = 16.0.30320.27
MinimumVisualStudioVersion = 10.0.40219.1
Project("{FAE04EC0-301F-11D3-BF4B-00C04F79EFBC}") = "Delegates and Events", "Delegates and Events\Delegates and Events.csproj", "{C9C614F8-E195-4149-B337-E21B57ACE002}"
EndProject
Global
	GlobalSection(SolutionConfigurationPlatforms) = preSolution
		Debug|Any CPU = Debug|Any CPU
		Release|Any CPU = Release|Any CPU
	EndGlobalSection
	GlobalSection(ProjectConfigurationPlatforms) = postSolution
		{C9C614F8-E195-4149-B337-E21B57ACE002}.Debug|Any CPU.ActiveCfg = Debug|Any CPU
		{C9C614F8-E195-4149-B337-E21B57ACE002}.Debug|Any CPU.Build.0 = Debug|Any CPU
		{C9C614F8-E195-4149-B337-E21B57ACE002}.Release|Any CPU.ActiveCfg = Release|Any CPU
		{C9C614F8-E195-4149-B337-E21B57ACE002}.Release|Any CPU.Build.0 = Release|Any CPU
	EndGlobalSection
	GlobalSection(SolutionProperties) = preSolution
		HideSolutionNode = FALSE
	EndGlobalSection
	GlobalSection(ExtensibilityGlobals) = postSolution
		SolutionGuid = {05C21F88-E56C-453A-9138-42F9FABB1334}
	EndGlobalSection
EndGlobal
